
Microsoft Visual Studio Solution File, Format Version 12.00
# Visual Studio Version 17
VisualStudioVersion = 17.9.34728.123
MinimumVisualStudioVersion = 10.0.40219.1
Project("{9A19103F-16F7-4668-BE54-9A1E7A4F7556}") = "DesafioFundamentos", "DesafioFundamentos.csproj", "{AC449BFE-7C39-4F62-AF34-BBC2760FA633}"
EndProject
Global
	GlobalSection(SolutionConfigurationPlatforms) = preSolution
		Debug|Any CPU = Debug|Any CPU
		Release|Any CPU = Release|Any CPU
	EndGlobalSection
	GlobalSection(ProjectConfigurationPlatforms) = postSolution
		{AC449BFE-7C39-4F62-AF34-BBC2760FA633}.Debug|Any CPU.ActiveCfg = Debug|Any CPU
		{AC449BFE-7C39-4F62-AF34-BBC2760FA633}.Debug|Any CPU.Build.0 = Debug|Any CPU
		{AC449BFE-7C39-4F62-AF34-BBC2760FA633}.Release|Any CPU.ActiveCfg = Release|Any CPU
		{AC449BFE-7C39-4F62-AF34-BBC2760FA633}.Release|Any CPU.Build.0 = Release|Any CPU
	EndGlobalSection
	GlobalSection(SolutionProperties) = preSolution
		HideSolutionNode = FALSE
	EndGlobalSection
	GlobalSection(ExtensibilityGlobals) = postSolution
		SolutionGuid = {EADBC71D-EE47-43F4-AFB3-B6387089C5EF}
	EndGlobalSection
EndGlobal
